
Microsoft Visual Studio Solution File, Format Version 12.00
# Visual Studio Version 17
VisualStudioVersion = 17.7.34031.279
MinimumVisualStudioVersion = 10.0.40219.1
Project("{FAE04EC0-301F-11D3-BF4B-00C04F79EFBC}") = "alan wake 2 rmdtoc tool", "alan wake 2 rmdtoc tool.csproj", "{FCDE7072-1B3D-4A4A-BBEA-E92A0D0DBD2A}"
EndProject
Global
	GlobalSection(SolutionConfigurationPlatforms) = preSolution
		Debug|Any CPU = Debug|Any CPU
		Release|Any CPU = Release|Any CPU
	EndGlobalSection
	GlobalSection(ProjectConfigurationPlatforms) = postSolution
		{FCDE7072-1B3D-4A4A-BBEA-E92A0D0DBD2A}.Debug|Any CPU.ActiveCfg = Debug|Any CPU
		{FCDE7072-1B3D-4A4A-BBEA-E92A0D0DBD2A}.Debug|Any CPU.Build.0 = Debug|Any CPU
		{FCDE7072-1B3D-4A4A-BBEA-E92A0D0DBD2A}.Release|Any CPU.ActiveCfg = Release|Any CPU
		{FCDE7072-1B3D-4A4A-BBEA-E92A0D0DBD2A}.Release|Any CPU.Build.0 = Release|Any CPU
	EndGlobalSection
	GlobalSection(SolutionProperties) = preSolution
		HideSolutionNode = FALSE
	EndGlobalSection
	GlobalSection(ExtensibilityGlobals) = postSolution
		SolutionGuid = {C0434B8E-483B-48B5-8E38-4B8C198B08E4}
	EndGlobalSection
EndGlobal
